{
    "name": "@giovannicandotti/cordova-plugin-aes256",
    "version": "1.0.0",
    "lockfileVersion": 2,
    "requires": true,
    "packages": {
        "": {
            "name": "@giovannicandotti/cordova-plugin-aes256",
            "version": "1.0.0",
            "license": "MIT"
        }
    }
}
